
Microsoft Visual Studio Solution File, Format Version 12.00
# Visual Studio 15
VisualStudioVersion = 15.0.28307.102
MinimumVisualStudioVersion = 10.0.40219.1
Project("{FAE04EC0-301F-11D3-BF4B-00C04F79EFBC}") = "ProjetoBanco", "ProjetoBanco\ProjetoBanco.csproj", "{9CBD5F5F-8654-4DB8-856A-CC6F9EE0A809}"
EndProject
Global
	GlobalSection(SolutionConfigurationPlatforms) = preSolution
		Debug|Any CPU = Debug|Any CPU
		Release|Any CPU = Release|Any CPU
	EndGlobalSection
	GlobalSection(ProjectConfigurationPlatforms) = postSolution
		{9CBD5F5F-8654-4DB8-856A-CC6F9EE0A809}.Debug|Any CPU.ActiveCfg = Debug|Any CPU
		{9CBD5F5F-8654-4DB8-856A-CC6F9EE0A809}.Debug|Any CPU.Build.0 = Debug|Any CPU
		{9CBD5F5F-8654-4DB8-856A-CC6F9EE0A809}.Release|Any CPU.ActiveCfg = Release|Any CPU
		{9CBD5F5F-8654-4DB8-856A-CC6F9EE0A809}.Release|Any CPU.Build.0 = Release|Any CPU
	EndGlobalSection
	GlobalSection(SolutionProperties) = preSolution
		HideSolutionNode = FALSE
	EndGlobalSection
	GlobalSection(ExtensibilityGlobals) = postSolution
		SolutionGuid = {023A38BA-DF59-496F-9EE8-A370BDA2B522}
	EndGlobalSection
EndGlobal
